// !$*UTF8*$!
{
	archiveVersion = 1;
	classes = {
	};
	objectVersion = 50;
	objects = {

/* Begin PBXBuildFile section */
		3927622F24142AEB00F0ED3F /* AppDelegate.swift in Sources */ = {isa = PBXBuildFile; fileRef = 3927622E24142AEB00F0ED3F /* AppDelegate.swift */; };
		3927623124142AEB00F0ED3F /* SceneDelegate.swift in Sources */ = {isa = PBXBuildFile; fileRef = 3927623024142AEB00F0ED3F /* SceneDelegate.swift */; };
		3927623324142AEB00F0ED3F /* ViewController.swift in Sources */ = {isa = PBXBuildFile; fileRef = 3927623224142AEB00F0ED3F /* ViewController.swift */; };
		3927623624142AEB00F0ED3F /* Main.storyboard in Resources */ = {isa = PBXBuildFile; fileRef = 3927623424142AEB00F0ED3F /* Main.storyboard */; };
		3927623824142AF000F0ED3F /* Assets.xcassets in Resources */ = {isa = PBXBuildFile; fileRef = 3927623724142AF000F0ED3F /* Assets.xcassets */; };
		3927623B24142AF000F0ED3F /* LaunchScreen.storyboard in Resources */ = {isa = PBXBuildFile; fileRef = 3927623924142AF000F0ED3F /* LaunchScreen.storyboard */; };
		3927624624142AF000F0ED3F /* router_infoTests.swift in Sources */ = {isa = PBXBuildFile; fileRef = 3927624524142AF000F0ED3F /* router_infoTests.swift */; };
		3927625124142AF000F0ED3F /* router_infoUITests.swift in Sources */ = {isa = PBXBuildFile; fileRef = 3927625024142AF000F0ED3F /* router_infoUITests.swift */; };
/* End PBXBuildFile section */

/* Begin PBXContainerItemProxy section */
		3927624224142AF000F0ED3F /* PBXContainerItemProxy */ = {
			isa = PBXContainerItemProxy;
			containerPortal = 3927622324142AEB00F0ED3F /* Project object */;
			proxyType = 1;
			remoteGlobalIDString = 3927622A24142AEB00F0ED3F;
			remoteInfo = "router-info";
		};
		3927624D24142AF000F0ED3F /* PBXContainerItemProxy */ = {
			isa = PBXContainerItemProxy;
			containerPortal = 3927622324142AEB00F0ED3F /* Project object */;
			proxyType = 1;
			remoteGlobalIDString = 3927622A24142AEB00F0ED3F;
			remoteInfo = "router-info";
		};
/* End PBXContainerItemProxy section */

/* Begin PBXFileReference section */
		3927622B24142AEB00F0ED3F /* router-info.app */ = {isa = PBXFileReference; explicitFileType = wrapper.application; includeInIndex = 0; path = "router-info.app"; sourceTree = BUILT_PRODUCTS_DIR; };
		3927622E24142AEB00F0ED3F /* AppDelegate.swift */ = {isa = PBXFileReference; lastKnownFileType = sourcecode.swift; path = AppDelegate.swift; sourceTree = "<group>"; };
		3927623024142AEB00F0ED3F /* SceneDelegate.swift */ = {isa = PBXFileReference; lastKnownFileType = sourcecode.swift; path = SceneDelegate.swift; sourceTree = "<group>"; };
		3927623224142AEB00F0ED3F /* ViewController.swift */ = {isa = PBXFileReference; lastKnownFileType = sourcecode.swift; path = ViewController.swift; sourceTree = "<group>"; };
		3927623524142AEB00F0ED3F /* Base */ = {isa = PBXFileReference; lastKnownFileType = file.storyboard; name = Base; path = Base.lproj/Main.storyboard; sourceTree = "<group>"; };
		3927623724142AF000F0ED3F /* Assets.xcassets */ = {isa = PBXFileReference; lastKnownFileType = folder.assetcatalog; path = Assets.xcassets; sourceTree = "<group>"; };
		3927623A24142AF000F0ED3F /* Base */ = {isa = PBXFileReference; lastKnownFileType = file.storyboard; name = Base; path = Base.lproj/LaunchScreen.storyboard; sourceTree = "<group>"; };
		3927623C24142AF000F0ED3F /* Info.plist */ = {isa = PBXFileReference; lastKnownFileType = text.plist.xml; path = Info.plist; sourceTree = "<group>"; };
		3927624124142AF000F0ED3F /* router-infoTests.xctest */ = {isa = PBXFileReference; explicitFileType = wrapper.cfbundle; includeInIndex = 0; path = "router-infoTests.xctest"; sourceTree = BUILT_PRODUCTS_DIR; };
		3927624524142AF000F0ED3F /* router_infoTests.swift */ = {isa = PBXFileReference; lastKnownFileType = sourcecode.swift; path = router_infoTests.swift; sourceTree = "<group>"; };
		3927624724142AF000F0ED3F /* Info.plist */ = {isa = PBXFileReference; lastKnownFileType = text.plist.xml; path = Info.plist; sourceTree = "<group>"; };
		3927624C24142AF000F0ED3F /* router-infoUITests.xctest */ = {isa = PBXFileReference; explicitFileType = wrapper.cfbundle; includeInIndex = 0; path = "router-infoUITests.xctest"; sourceTree = BUILT_PRODUCTS_DIR; };
		3927625024142AF000F0ED3F /* router_infoUITests.swift */ = {isa = PBXFileReference; lastKnownFileType = sourcecode.swift; path = router_infoUITests.swift; sourceTree = "<group>"; };
		3927625224142AF000F0ED3F /* Info.plist */ = {isa = PBXFileReference; lastKnownFileType = text.plist.xml; path = Info.plist; sourceTree = "<group>"; };
/* End PBXFileReference section */

/* Begin PBXFrameworksBuildPhase section */
		3927622824142AEB00F0ED3F /* Frameworks */ = {
			isa = PBXFrameworksBuildPhase;
			buildActionMask = 2147483647;
			files = (
			);
			runOnlyForDeploymentPostprocessing = 0;
		};
		3927623E24142AF000F0ED3F /* Frameworks */ = {
			isa = PBXFrameworksBuildPhase;
			buildActionMask = 2147483647;
			files = (
			);
			runOnlyForDeploymentPostprocessing = 0;
		};
		3927624924142AF000F0ED3F /* Frameworks */ = {
			isa = PBXFrameworksBuildPhase;
			buildActionMask = 2147483647;
			files = (
			);
			runOnlyForDeploymentPostprocessing = 0;
		};
/* End PBXFrameworksBuildPhase section */

/* Begin PBXGroup section */
		3927622224142AEB00F0ED3F = {
			isa = PBXGroup;
			children = (
				3927622D24142AEB00F0ED3F /* router-info */,
				3927624424142AF000F0ED3F /* router-infoTests */,
				3927624F24142AF000F0ED3F /* router-infoUITests */,
				3927622C24142AEB00F0ED3F /* Products */,
			);
			sourceTree = "<group>";
		};
		3927622C24142AEB00F0ED3F /* Products */ = {
			isa = PBXGroup;
			children = (
				3927622B24142AEB00F0ED3F /* router-info.app */,
				3927624124142AF000F0ED3F /* router-infoTests.xctest */,
				3927624C24142AF000F0ED3F /* router-infoUITests.xctest */,
			);
			name = Products;
			sourceTree = "<group>";
		};
		3927622D24142AEB00F0ED3F /* router-info */ = {
			isa = PBXGroup;
			children = (
				3927622E24142AEB00F0ED3F /* AppDelegate.swift */,
				3927623024142AEB00F0ED3F /* SceneDelegate.swift */,
				3927623224142AEB00F0ED3F /* ViewController.swift */,
				3927623424142AEB00F0ED3F /* Main.storyboard */,
				3927623724142AF000F0ED3F /* Assets.xcassets */,
				3927623924142AF000F0ED3F /* LaunchScreen.storyboard */,
				3927623C24142AF000F0ED3F /* Info.plist */,
			);
			path = "router-info";
			sourceTree = "<group>";
		};
		3927624424142AF000F0ED3F /* router-infoTests */ = {
			isa = PBXGroup;
			children = (
				3927624524142AF000F0ED3F /* router_infoTests.swift */,
				3927624724142AF000F0ED3F /* Info.plist */,
			);
			path = "router-infoTests";
			sourceTree = "<group>";
		};
		3927624F24142AF000F0ED3F /* router-infoUITests */ = {
			isa = PBXGroup;
			children = (
				3927625024142AF000F0ED3F /* router_infoUITests.swift */,
				3927625224142AF000F0ED3F /* Info.plist */,
			);
			path = "router-infoUITests";
			sourceTree = "<group>";
		};
/* End PBXGroup section */

/* Begin PBXNativeTarget section */
		3927622A24142AEB00F0ED3F /* router-info */ = {
			isa = PBXNativeTarget;
			buildConfigurationList = 3927625524142AF000F0ED3F /* Build configuration list for PBXNativeTarget "router-info" */;
			buildPhases = (
				3927622724142AEB00F0ED3F /* Sources */,
				3927622824142AEB00F0ED3F /* Frameworks */,
				3927622924142AEB00F0ED3F /* Resources */,
			);
			buildRules = (
			);
			dependencies = (
			);
			name = "router-info";
			productName = "router-info";
			productReference = 3927622B24142AEB00F0ED3F /* router-info.app */;
			productType = "com.apple.product-type.application";
		};
		3927624024142AF000F0ED3F /* router-infoTests */ = {
			isa = PBXNativeTarget;
			buildConfigurationList = 3927625824142AF000F0ED3F /* Build configuration list for PBXNativeTarget "router-infoTests" */;
			buildPhases = (
				3927623D24142AF000F0ED3F /* Sources */,
				3927623E24142AF000F0ED3F /* Frameworks */,
				3927623F24142AF000F0ED3F /* Resources */,
			);
			buildRules = (
			);
			dependencies = (
				3927624324142AF000F0ED3F /* PBXTargetDependency */,
			);
			name = "router-infoTests";
			productName = "router-infoTests";
			productReference = 3927624124142AF000F0ED3F /* router-infoTests.xctest */;
			productType = "com.apple.product-type.bundle.unit-test";
		};
		3927624B24142AF000F0ED3F /* router-infoUITests */ = {
			isa = PBXNativeTarget;
			buildConfigurationList = 3927625B24142AF000F0ED3F /* Build configuration list for PBXNativeTarget "router-infoUITests" */;
			buildPhases = (
				3927624824142AF000F0ED3F /* Sources */,
				3927624924142AF000F0ED3F /* Frameworks */,
				3927624A24142AF000F0ED3F /* Resources */,
			);
			buildRules = (
			);
			dependencies = (
				3927624E24142AF000F0ED3F /* PBXTargetDependency */,
			);
			name = "router-infoUITests";
			productName = "router-infoUITests";
			productReference = 3927624C24142AF000F0ED3F /* router-infoUITests.xctest */;
			productType = "com.apple.product-type.bundle.ui-testing";
		};
/* End PBXNativeTarget section */

/* Begin PBXProject section */
		3927622324142AEB00F0ED3F /* Project object */ = {
			isa = PBXProject;
			attributes = {
				LastSwiftUpdateCheck = 1130;
				LastUpgradeCheck = 1130;
				ORGANIZATIONNAME = "Faisal Memon";
				TargetAttributes = {
					3927622A24142AEB00F0ED3F = {
						CreatedOnToolsVersion = 11.3.1;
					};
					3927624024142AF000F0ED3F = {
						CreatedOnToolsVersion = 11.3.1;
						TestTargetID = 3927622A24142AEB00F0ED3F;
					};
					3927624B24142AF000F0ED3F = {
						CreatedOnToolsVersion = 11.3.1;
						TestTargetID = 3927622A24142AEB00F0ED3F;
					};
				};
			};
			buildConfigurationList = 3927622624142AEB00F0ED3F /* Build configuration list for PBXProject "router-info" */;
			compatibilityVersion = "Xcode 9.3";
			developmentRegion = en;
			hasScannedForEncodings = 0;
			knownRegions = (
				en,
				Base,
			);
			mainGroup = 3927622224142AEB00F0ED3F;
			productRefGroup = 3927622C24142AEB00F0ED3F /* Products */;
			projectDirPath = "";
			projectRoot = "";
			targets = (
				3927622A24142AEB00F0ED3F /* router-info */,
				3927624024142AF000F0ED3F /* router-infoTests */,
				3927624B24142AF000F0ED3F /* router-infoUITests */,
			);
		};
/* End PBXProject section */

/* Begin PBXResourcesBuildPhase section */
		3927622924142AEB00F0ED3F /* Resources */ = {
			isa = PBXResourcesBuildPhase;
			buildActionMask = 2147483647;
			files = (
				3927623B24142AF000F0ED3F /* LaunchScreen.storyboard in Resources */,
				3927623824142AF000F0ED3F /* Assets.xcassets in Resources */,
				3927623624142AEB00F0ED3F /* Main.storyboard in Resources */,
			);
			runOnlyForDeploymentPostprocessing = 0;
		};
		3927623F24142AF000F0ED3F /* Resources */ = {
			isa = PBXResourcesBuildPhase;
			buildActionMask = 2147483647;
			files = (
			);
			runOnlyForDeploymentPostprocessing = 0;
		};
		3927624A24142AF000F0ED3F /* Resources */ = {
			isa = PBXResourcesBuildPhase;
			buildActionMask = 2147483647;
			files = (
			);
			runOnlyForDeploymentPostprocessing = 0;
		};
/* End PBXResourcesBuildPhase section */

/* Begin PBXSourcesBuildPhase section */
		3927622724142AEB00F0ED3F /* Sources */ = {
			isa = PBXSourcesBuildPhase;
			buildActionMask = 2147483647;
			files = (
				3927623324142AEB00F0ED3F /* ViewController.swift in Sources */,
				3927622F24142AEB00F0ED3F /* AppDelegate.swift in Sources */,
				3927623124142AEB00F0ED3F /* SceneDelegate.swift in Sources */,
			);
			runOnlyForDeploymentPostprocessing = 0;
		};
		3927623D24142AF000F0ED3F /* Sources */ = {
			isa = PBXSourcesBuildPhase;
			buildActionMask = 2147483647;
			files = (
				3927624624142AF000F0ED3F /* router_infoTests.swift in Sources */,
			);
			runOnlyForDeploymentPostprocessing = 0;
		};
		3927624824142AF000F0ED3F /* Sources */ = {
			isa = PBXSourcesBuildPhase;
			buildActionMask = 2147483647;
			files = (
				3927625124142AF000F0ED3F /* router_infoUITests.swift in Sources */,
			);
			runOnlyForDeploymentPostprocessing = 0;
		};
/* End PBXSourcesBuildPhase section */

/* Begin PBXTargetDependency section */
		3927624324142AF000F0ED3F /* PBXTargetDependency */ = {
			isa = PBXTargetDependency;
			target = 3927622A24142AEB00F0ED3F /* router-info */;
			targetProxy = 3927624224142AF000F0ED3F /* PBXContainerItemProxy */;
		};
		3927624E24142AF000F0ED3F /* PBXTargetDependency */ = {
			isa = PBXTargetDependency;
			target = 3927622A24142AEB00F0ED3F /* router-info */;
			targetProxy = 3927624D24142AF000F0ED3F /* PBXContainerItemProxy */;
		};
/* End PBXTargetDependency section */

/* Begin PBXVariantGroup section */
		3927623424142AEB00F0ED3F /* Main.storyboard */ = {
			isa = PBXVariantGroup;
			children = (
				3927623524142AEB00F0ED3F /* Base */,
			);
			name = Main.storyboard;
			sourceTree = "<group>";
		};
		3927623924142AF000F0ED3F /* LaunchScreen.storyboard */ = {
			isa = PBXVariantGroup;
			children = (
				3927623A24142AF000F0ED3F /* Base */,
			);
			name = LaunchScreen.storyboard;
			sourceTree = "<group>";
		};
/* End PBXVariantGroup section */

/* Begin XCBuildConfiguration section */
		3927625324142AF000F0ED3F /* Debug */ = {
			isa = XCBuildConfiguration;
			buildSettings = {
				ALWAYS_SEARCH_USER_PATHS = NO;
				CLANG_ANALYZER_NONNULL = YES;
				CLANG_ANALYZER_NUMBER_OBJECT_CONVERSION = YES_AGGRESSIVE;
				CLANG_CXX_LANGUAGE_STANDARD = "gnu++14";
				CLANG_CXX_LIBRARY = "libc++";
				CLANG_ENABLE_MODULES = YES;
				CLANG_ENABLE_OBJC_ARC = YES;
				CLANG_ENABLE_OBJC_WEAK = YES;
				CLANG_WARN_BLOCK_CAPTURE_AUTORELEASING = YES;
				CLANG_WARN_BOOL_CONVERSION = YES;
				CLANG_WARN_COMMA = YES;
				CLANG_WARN_CONSTANT_CONVERSION = YES;
				CLANG_WARN_DEPRECATED_OBJC_IMPLEMENTATIONS = YES;
				CLANG_WARN_DIRECT_OBJC_ISA_USAGE = YES_ERROR;
				CLANG_WARN_DOCUMENTATION_COMMENTS = YES;
				CLANG_WARN_EMPTY_BODY = YES;
				CLANG_WARN_ENUM_CONVERSION = YES;
				CLANG_WARN_INFINITE_RECURSION = YES;
				CLANG_WARN_INT_CONVERSION = YES;
				CLANG_WARN_NON_LITERAL_NULL_CONVERSION = YES;
				CLANG_WARN_OBJC_IMPLICIT_RETAIN_SELF = YES;
				CLANG_WARN_OBJC_LITERAL_CONVERSION = YES;
				CLANG_WARN_OBJC_ROOT_CLASS = YES_ERROR;
				CLANG_WARN_RANGE_LOOP_ANALYSIS = YES;
				CLANG_WARN_STRICT_PROTOTYPES = YES;
				CLANG_WARN_SUSPICIOUS_MOVE = YES;
				CLANG_WARN_UNGUARDED_AVAILABILITY = YES_AGGRESSIVE;
				CLANG_WARN_UNREACHABLE_CODE = YES;
				CLANG_WARN__DUPLICATE_METHOD_MATCH = YES;
				COPY_PHASE_STRIP = NO;
				DEBUG_INFORMATION_FORMAT = dwarf;
				ENABLE_STRICT_OBJC_MSGSEND = YES;
				ENABLE_TESTABILITY = YES;
				GCC_C_LANGUAGE_STANDARD = gnu11;
				GCC_DYNAMIC_NO_PIC = NO;
				GCC_NO_COMMON_BLOCKS = YES;
				GCC_OPTIMIZATION_LEVEL = 0;
				GCC_PREPROCESSOR_DEFINITIONS = (
					"DEBUG=1",
					"$(inherited)",
				);
				GCC_WARN_64_TO_32_BIT_CONVERSION = YES;
				GCC_WARN_ABOUT_RETURN_TYPE = YES_ERROR;
				GCC_WARN_UNDECLARED_SELECTOR = YES;
				GCC_WARN_UNINITIALIZED_AUTOS = YES_AGGRESSIVE;
				GCC_WARN_UNUSED_FUNCTION = YES;
				GCC_WARN_UNUSED_VARIABLE = YES;
				IPHONEOS_DEPLOYMENT_TARGET = 13.2;
				MTL_ENABLE_DEBUG_INFO = INCLUDE_SOURCE;
				MTL_FAST_MATH = YES;
				ONLY_ACTIVE_ARCH = YES;
				SDKROOT = iphoneos;
				SWIFT_ACTIVE_COMPILATION_CONDITIONS = DEBUG;
				SWIFT_OPTIMIZATION_LEVEL = "-Onone";
			};
			name = Debug;
		};
		3927625424142AF000F0ED3F /* Release */ = {
			isa = XCBuildConfiguration;
			buildSettings = {
				ALWAYS_SEARCH_USER_PATHS = NO;
				CLANG_ANALYZER_NONNULL = YES;
				CLANG_ANALYZER_NUMBER_OBJECT_CONVERSION = YES_AGGRESSIVE;
				CLANG_CXX_LANGUAGE_STANDARD = "gnu++14";
				CLANG_CXX_LIBRARY = "libc++";
				CLANG_ENABLE_MODULES = YES;
				CLANG_ENABLE_OBJC_ARC = YES;
				CLANG_ENABLE_OBJC_WEAK = YES;
				CLANG_WARN_BLOCK_CAPTURE_AUTORELEASING = YES;
				CLANG_WARN_BOOL_CONVERSION = YES;
				CLANG_WARN_COMMA = YES;
				CLANG_WARN_CONSTANT_CONVERSION = YES;
				CLANG_WARN_DEPRECATED_OBJC_IMPLEMENTATIONS = YES;
				CLANG_WARN_DIRECT_OBJC_ISA_USAGE = YES_ERROR;
				CLANG_WARN_DOCUMENTATION_COMMENTS = YES;
				CLANG_WARN_EMPTY_BODY = YES;
				CLANG_WARN_ENUM_CONVERSION = YES;
				CLANG_WARN_INFINITE_RECURSION = YES;
				CLANG_WARN_INT_CONVERSION = YES;
				CLANG_WARN_NON_LITERAL_NULL_CONVERSION = YES;
				CLANG_WARN_OBJC_IMPLICIT_RETAIN_SELF = YES;
				CLANG_WARN_OBJC_LITERAL_CONVERSION = YES;
				CLANG_WARN_OBJC_ROOT_CLASS = YES_ERROR;
				CLANG_WARN_RANGE_LOOP_ANALYSIS = YES;
				CLANG_WARN_STRICT_PROTOTYPES = YES;
				CLANG_WARN_SUSPICIOUS_MOVE = YES;
				CLANG_WARN_UNGUARDED_AVAILABILITY = YES_AGGRESSIVE;
				CLANG_WARN_UNREACHABLE_CODE = YES;
				CLANG_WARN__DUPLICATE_METHOD_MATCH = YES;
				COPY_PHASE_STRIP = NO;
				DEBUG_INFORMATION_FORMAT = "dwarf-with-dsym";
				ENABLE_NS_ASSERTIONS = NO;
				ENABLE_STRICT_OBJC_MSGSEND = YES;
				GCC_C_LANGUAGE_STANDARD = gnu11;
				GCC_NO_COMMON_BLOCKS = YES;
				GCC_WARN_64_TO_32_BIT_CONVERSION = YES;
				GCC_WARN_ABOUT_RETURN_TYPE = YES_ERROR;
				GCC_WARN_UNDECLARED_SELECTOR = YES;
				GCC_WARN_UNINITIALIZED_AUTOS = YES_AGGRESSIVE;
				GCC_WARN_UNUSED_FUNCTION = YES;
				GCC_WARN_UNUSED_VARIABLE = YES;
				IPHONEOS_DEPLOYMENT_TARGET = 13.2;
				MTL_ENABLE_DEBUG_INFO = NO;
				MTL_FAST_MATH = YES;
				SDKROOT = iphoneos;
				SWIFT_COMPILATION_MODE = wholemodule;
				SWIFT_OPTIMIZATION_LEVEL = "-O";
				VALIDATE_PRODUCT = YES;
			};
			name = Release;
		};
		3927625624142AF000F0ED3F /* Debug */ = {
			isa = XCBuildConfiguration;
			buildSettings = {
				ASSETCATALOG_COMPILER_APPICON_NAME = AppIcon;
				CODE_SIGN_STYLE = Automatic;
				DEVELOPMENT_TEAM = 5Y3322JWHB;
				INFOPLIST_FILE = "router-info/Info.plist";
				LD_RUNPATH_SEARCH_PATHS = (
					"$(inherited)",
					"@executable_path/Frameworks",
				);
				PRODUCT_BUNDLE_IDENTIFIER = "perivalebluebell.com.router-info";
				PRODUCT_NAME = "$(TARGET_NAME)";
				SWIFT_VERSION = 5.0;
				TARGETED_DEVICE_FAMILY = "1,2";
			};
			name = Debug;
		};
		3927625724142AF000F0ED3F /* Release */ = {
			isa = XCBuildConfiguration;
			buildSettings = {
				ASSETCATALOG_COMPILER_APPICON_NAME = AppIcon;
				CODE_SIGN_STYLE = Automatic;
				DEVELOPMENT_TEAM = 5Y3322JWHB;
				INFOPLIST_FILE = "router-info/Info.plist";
				LD_RUNPATH_SEARCH_PATHS = (
					"$(inherited)",
					"@executable_path/Frameworks",
				);
				PRODUCT_BUNDLE_IDENTIFIER = "perivalebluebell.com.router-info";
				PRODUCT_NAME = "$(TARGET_NAME)";
				SWIFT_VERSION = 5.0;
				TARGETED_DEVICE_FAMILY = "1,2";
			};
			name = Release;
		};
		3927625924142AF000F0ED3F /* Debug */ = {
			isa = XCBuildConfiguration;
			buildSettings = {
				ALWAYS_EMBED_SWIFT_STANDARD_LIBRARIES = YES;
				BUNDLE_LOADER = "$(TEST_HOST)";
				CODE_SIGN_STYLE = Automatic;
				DEVELOPMENT_TEAM = 5Y3322JWHB;
				INFOPLIST_FILE = "router-infoTests/Info.plist";
				IPHONEOS_DEPLOYMENT_TARGET = 13.2;
				LD_RUNPATH_SEARCH_PATHS = (
					"$(inherited)",
					"@executable_path/Frameworks",
					"@loader_path/Frameworks",
				);
				PRODUCT_BUNDLE_IDENTIFIER = "perivalebluebell.com.router-infoTests";
				PRODUCT_NAME = "$(TARGET_NAME)";
				SWIFT_VERSION = 5.0;
				TARGETED_DEVICE_FAMILY = "1,2";
				TEST_HOST = "$(BUILT_PRODUCTS_DIR)/router-info.app/router-info";
			};
			name = Debug;
		};
		3927625A24142AF000F0ED3F /* Release */ = {
			isa = XCBuildConfiguration;
			buildSettings = {
				ALWAYS_EMBED_SWIFT_STANDARD_LIBRARIES = YES;
				BUNDLE_LOADER = "$(TEST_HOST)";
				CODE_SIGN_STYLE = Automatic;
				DEVELOPMENT_TEAM = 5Y3322JWHB;
				INFOPLIST_FILE = "router-infoTests/Info.plist";
				IPHONEOS_DEPLOYMENT_TARGET = 13.2;
				LD_RUNPATH_SEARCH_PATHS = (
					"$(inherited)",
					"@executable_path/Frameworks",
					"@loader_path/Frameworks",
				);
				PRODUCT_BUNDLE_IDENTIFIER = "perivalebluebell.com.router-infoTests";
				PRODUCT_NAME = "$(TARGET_NAME)";
				SWIFT_VERSION = 5.0;
				TARGETED_DEVICE_FAMILY = "1,2";
				TEST_HOST = "$(BUILT_PRODUCTS_DIR)/router-info.app/router-info";
			};
			name = Release;
		};
		3927625C24142AF000F0ED3F /* Debug */ = {
			isa = XCBuildConfiguration;
			buildSettings = {
				ALWAYS_EMBED_SWIFT_STANDARD_LIBRARIES = YES;
				CODE_SIGN_STYLE = Automatic;
				DEVELOPMENT_TEAM = 5Y3322JWHB;
				INFOPLIST_FILE = "router-infoUITests/Info.plist";
				LD_RUNPATH_SEARCH_PATHS = (
					"$(inherited)",
					"@executable_path/Frameworks",
					"@loader_path/Frameworks",
				);
				PRODUCT_BUNDLE_IDENTIFIER = "perivalebluebell.com.router-infoUITests";
				PRODUCT_NAME = "$(TARGET_NAME)";
				SWIFT_VERSION = 5.0;
				TARGETED_DEVICE_FAMILY = "1,2";
				TEST_TARGET_NAME = "router-info";
			};
			name = Debug;
		};
		3927625D24142AF000F0ED3F /* Release */ = {
			isa = XCBuildConfiguration;
			buildSettings = {
				ALWAYS_EMBED_SWIFT_STANDARD_LIBRARIES = YES;
				CODE_SIGN_STYLE = Automatic;
				DEVELOPMENT_TEAM = 5Y3322JWHB;
				INFOPLIST_FILE = "router-infoUITests/Info.plist";
				LD_RUNPATH_SEARCH_PATHS = (
					"$(inherited)",
					"@executable_path/Frameworks",
					"@loader_path/Frameworks",
				);
				PRODUCT_BUNDLE_IDENTIFIER = "perivalebluebell.com.router-infoUITests";
				PRODUCT_NAME = "$(TARGET_NAME)";
				SWIFT_VERSION = 5.0;
				TARGETED_DEVICE_FAMILY = "1,2";
				TEST_TARGET_NAME = "router-info";
			};
			name = Release;
		};
/* End XCBuildConfiguration section */

/* Begin XCConfigurationList section */
		3927622624142AEB00F0ED3F /* Build configuration list for PBXProject "router-info" */ = {
			isa = XCConfigurationList;
			buildConfigurations = (
				3927625324142AF000F0ED3F /* Debug */,
				3927625424142AF000F0ED3F /* Release */,
			);
			defaultConfigurationIsVisible = 0;
			defaultConfigurationName = Release;
		};
		3927625524142AF000F0ED3F /* Build configuration list for PBXNativeTarget "router-info" */ = {
			isa = XCConfigurationList;
			buildConfigurations = (
				3927625624142AF000F0ED3F /* Debug */,
				3927625724142AF000F0ED3F /* Release */,
			);
			defaultConfigurationIsVisible = 0;
			defaultConfigurationName = Release;
		};
		3927625824142AF000F0ED3F /* Build configuration list for PBXNativeTarget "router-infoTests" */ = {
			isa = XCConfigurationList;
			buildConfigurations = (
				3927625924142AF000F0ED3F /* Debug */,
				3927625A24142AF000F0ED3F /* Release */,
			);
			defaultConfigurationIsVisible = 0;
			defaultConfigurationName = Release;
		};
		3927625B24142AF000F0ED3F /* Build configuration list for PBXNativeTarget "router-infoUITests" */ = {
			isa = XCConfigurationList;
			buildConfigurations = (
				3927625C24142AF000F0ED3F /* Debug */,
				3927625D24142AF000F0ED3F /* Release */,
			);
			defaultConfigurationIsVisible = 0;
			defaultConfigurationName = Release;
		};
/* End XCConfigurationList section */
	};
	rootObject = 3927622324142AEB00F0ED3F /* Project object */;
}
